// !$*UTF8*$!
{
	archiveVersion = 1;
	classes = {
	};
	objectVersion = 50;
	objects = {

/* Begin PBXBuildFile section */
		8C183A1223D60E8A00A4B11A /* GFTitleLabel.swift in Sources */ = {isa = PBXBuildFile; fileRef = 8C183A1123D60E8A00A4B11A /* GFTitleLabel.swift */; };
		8C183A1423D6120B00A4B11A /* GFBodyLabel.swift in Sources */ = {isa = PBXBuildFile; fileRef = 8C183A1323D6120B00A4B11A /* GFBodyLabel.swift */; };
		8C183A1623D6131F00A4B11A /* GFAlertVC.swift in Sources */ = {isa = PBXBuildFile; fileRef = 8C183A1523D6131F00A4B11A /* GFAlertVC.swift */; };
		8C183A1823D640DA00A4B11A /* UIViewController+Ext.swift in Sources */ = {isa = PBXBuildFile; fileRef = 8C183A1723D640DA00A4B11A /* UIViewController+Ext.swift */; };
		8C44B8CF23EF61AD00DFC732 /* GFError.swift in Sources */ = {isa = PBXBuildFile; fileRef = 8C44B8CE23EF61AD00DFC732 /* GFError.swift */; };
		8C44B8D223EF7DA800DFC732 /* FollowerCell.swift in Sources */ = {isa = PBXBuildFile; fileRef = 8C44B8D123EF7DA800DFC732 /* FollowerCell.swift */; };
		8C44B8D423EF7E6000DFC732 /* GFAvatarImageView.swift in Sources */ = {isa = PBXBuildFile; fileRef = 8C44B8D323EF7E6000DFC732 /* GFAvatarImageView.swift */; };
		8C47E20023D24147004C5BD1 /* AppDelegate.swift in Sources */ = {isa = PBXBuildFile; fileRef = 8C47E1FF23D24147004C5BD1 /* AppDelegate.swift */; };
		8C47E20223D24147004C5BD1 /* SceneDelegate.swift in Sources */ = {isa = PBXBuildFile; fileRef = 8C47E20123D24147004C5BD1 /* SceneDelegate.swift */; };
		8C47E20923D2414C004C5BD1 /* Assets.xcassets in Resources */ = {isa = PBXBuildFile; fileRef = 8C47E20823D2414C004C5BD1 /* Assets.xcassets */; };
		8C47E20C23D2414C004C5BD1 /* LaunchScreen.storyboard in Resources */ = {isa = PBXBuildFile; fileRef = 8C47E20A23D2414C004C5BD1 /* LaunchScreen.storyboard */; };
		8C4F947C23D272E1007BB33C /* SearchVC.swift in Sources */ = {isa = PBXBuildFile; fileRef = 8C4F947B23D272E1007BB33C /* SearchVC.swift */; };
		8C4F947E23D27350007BB33C /* FavoriteListVC.swift in Sources */ = {isa = PBXBuildFile; fileRef = 8C4F947D23D27350007BB33C /* FavoriteListVC.swift */; };
		8C4F948023D3693E007BB33C /* GFButton.swift in Sources */ = {isa = PBXBuildFile; fileRef = 8C4F947F23D3693E007BB33C /* GFButton.swift */; };
		8C4F948223D37629007BB33C /* GFTextField.swift in Sources */ = {isa = PBXBuildFile; fileRef = 8C4F948123D37629007BB33C /* GFTextField.swift */; };
		8C55DD2923EF323D000BF2FA /* Follower.swift in Sources */ = {isa = PBXBuildFile; fileRef = 8C55DD2823EF323D000BF2FA /* Follower.swift */; };
		8C55DD2B23EF3314000BF2FA /* User.swift in Sources */ = {isa = PBXBuildFile; fileRef = 8C55DD2A23EF3314000BF2FA /* User.swift */; };
		8C55DD2E23EF443C000BF2FA /* NetworkManager.swift in Sources */ = {isa = PBXBuildFile; fileRef = 8C55DD2D23EF443C000BF2FA /* NetworkManager.swift */; };
		8C68EA2023D5113500B68790 /* FollowerListVC.swift in Sources */ = {isa = PBXBuildFile; fileRef = 8C68EA1F23D5113500B68790 /* FollowerListVC.swift */; };
		8CBAA49C23D5FDCA00392298 /* String+Ext.swift in Sources */ = {isa = PBXBuildFile; fileRef = 8CBAA49B23D5FDCA00392298 /* String+Ext.swift */; };
/* End PBXBuildFile section */

/* Begin PBXFileReference section */
		8C183A1123D60E8A00A4B11A /* GFTitleLabel.swift */ = {isa = PBXFileReference; lastKnownFileType = sourcecode.swift; path = GFTitleLabel.swift; sourceTree = "<group>"; };
		8C183A1323D6120B00A4B11A /* GFBodyLabel.swift */ = {isa = PBXFileReference; lastKnownFileType = sourcecode.swift; path = GFBodyLabel.swift; sourceTree = "<group>"; };
		8C183A1523D6131F00A4B11A /* GFAlertVC.swift */ = {isa = PBXFileReference; lastKnownFileType = sourcecode.swift; path = GFAlertVC.swift; sourceTree = "<group>"; };
		8C183A1723D640DA00A4B11A /* UIViewController+Ext.swift */ = {isa = PBXFileReference; lastKnownFileType = sourcecode.swift; path = "UIViewController+Ext.swift"; sourceTree = "<group>"; };
		8C44B8CE23EF61AD00DFC732 /* GFError.swift */ = {isa = PBXFileReference; lastKnownFileType = sourcecode.swift; path = GFError.swift; sourceTree = "<group>"; };
		8C44B8D123EF7DA800DFC732 /* FollowerCell.swift */ = {isa = PBXFileReference; lastKnownFileType = sourcecode.swift; path = FollowerCell.swift; sourceTree = "<group>"; };
		8C44B8D323EF7E6000DFC732 /* GFAvatarImageView.swift */ = {isa = PBXFileReference; lastKnownFileType = sourcecode.swift; path = GFAvatarImageView.swift; sourceTree = "<group>"; };
		8C47E1FC23D24147004C5BD1 /* GitHubFollowers.app */ = {isa = PBXFileReference; explicitFileType = wrapper.application; includeInIndex = 0; path = GitHubFollowers.app; sourceTree = BUILT_PRODUCTS_DIR; };
		8C47E1FF23D24147004C5BD1 /* AppDelegate.swift */ = {isa = PBXFileReference; lastKnownFileType = sourcecode.swift; path = AppDelegate.swift; sourceTree = "<group>"; };
		8C47E20123D24147004C5BD1 /* SceneDelegate.swift */ = {isa = PBXFileReference; lastKnownFileType = sourcecode.swift; path = SceneDelegate.swift; sourceTree = "<group>"; };
		8C47E20823D2414C004C5BD1 /* Assets.xcassets */ = {isa = PBXFileReference; lastKnownFileType = folder.assetcatalog; path = Assets.xcassets; sourceTree = "<group>"; };
		8C47E20B23D2414C004C5BD1 /* Base */ = {isa = PBXFileReference; lastKnownFileType = file.storyboard; name = Base; path = Base.lproj/LaunchScreen.storyboard; sourceTree = "<group>"; };
		8C47E20D23D2414C004C5BD1 /* Info.plist */ = {isa = PBXFileReference; lastKnownFileType = text.plist.xml; path = Info.plist; sourceTree = "<group>"; };
		8C4F947B23D272E1007BB33C /* SearchVC.swift */ = {isa = PBXFileReference; lastKnownFileType = sourcecode.swift; path = SearchVC.swift; sourceTree = "<group>"; };
		8C4F947D23D27350007BB33C /* FavoriteListVC.swift */ = {isa = PBXFileReference; lastKnownFileType = sourcecode.swift; path = FavoriteListVC.swift; sourceTree = "<group>"; };
		8C4F947F23D3693E007BB33C /* GFButton.swift */ = {isa = PBXFileReference; lastKnownFileType = sourcecode.swift; path = GFButton.swift; sourceTree = "<group>"; };
		8C4F948123D37629007BB33C /* GFTextField.swift */ = {isa = PBXFileReference; lastKnownFileType = sourcecode.swift; path = GFTextField.swift; sourceTree = "<group>"; };
		8C55DD2823EF323D000BF2FA /* Follower.swift */ = {isa = PBXFileReference; lastKnownFileType = sourcecode.swift; path = Follower.swift; sourceTree = "<group>"; };
		8C55DD2A23EF3314000BF2FA /* User.swift */ = {isa = PBXFileReference; lastKnownFileType = sourcecode.swift; path = User.swift; sourceTree = "<group>"; };
		8C55DD2D23EF443C000BF2FA /* NetworkManager.swift */ = {isa = PBXFileReference; lastKnownFileType = sourcecode.swift; path = NetworkManager.swift; sourceTree = "<group>"; };
		8C68EA1F23D5113500B68790 /* FollowerListVC.swift */ = {isa = PBXFileReference; lastKnownFileType = sourcecode.swift; path = FollowerListVC.swift; sourceTree = "<group>"; };
		8CBAA49B23D5FDCA00392298 /* String+Ext.swift */ = {isa = PBXFileReference; fileEncoding = 4; lastKnownFileType = sourcecode.swift; path = "String+Ext.swift"; sourceTree = "<group>"; };
/* End PBXFileReference section */

/* Begin PBXFrameworksBuildPhase section */
		8C47E1F923D24147004C5BD1 /* Frameworks */ = {
			isa = PBXFrameworksBuildPhase;
			buildActionMask = 2147483647;
			files = (
			);
			runOnlyForDeploymentPostprocessing = 0;
		};
/* End PBXFrameworksBuildPhase section */

/* Begin PBXGroup section */
		8C44B8D023EF7D6200DFC732 /* Cells */ = {
			isa = PBXGroup;
			children = (
				8C44B8D123EF7DA800DFC732 /* FollowerCell.swift */,
			);
			path = Cells;
			sourceTree = "<group>";
		};
		8C47E1F323D24147004C5BD1 = {
			isa = PBXGroup;
			children = (
				8C47E1FE23D24147004C5BD1 /* GitHubFollowers */,
				8C47E1FD23D24147004C5BD1 /* Products */,
			);
			sourceTree = "<group>";
		};
		8C47E1FD23D24147004C5BD1 /* Products */ = {
			isa = PBXGroup;
			children = (
				8C47E1FC23D24147004C5BD1 /* GitHubFollowers.app */,
			);
			name = Products;
			sourceTree = "<group>";
		};
		8C47E1FE23D24147004C5BD1 /* GitHubFollowers */ = {
			isa = PBXGroup;
			children = (
				8C55DD2F23EF5C2A000BF2FA /* Utilities */,
				8C55DD2C23EF4428000BF2FA /* Managers */,
				8C55DD2723EF321A000BF2FA /* Model */,
				8C855E3523DA092500E38440 /* Custom Views */,
				8C855E3623DA099700E38440 /* Extensions */,
				8C855E3423DA085F00E38440 /* Screens */,
				8C855E3723DA0A1500E38440 /* Support */,
				8C47E20D23D2414C004C5BD1 /* Info.plist */,
			);
			path = GitHubFollowers;
			sourceTree = "<group>";
		};
		8C55DD2723EF321A000BF2FA /* Model */ = {
			isa = PBXGroup;
			children = (
				8C55DD2823EF323D000BF2FA /* Follower.swift */,
				8C55DD2A23EF3314000BF2FA /* User.swift */,
			);
			path = Model;
			sourceTree = "<group>";
		};
		8C55DD2C23EF4428000BF2FA /* Managers */ = {
			isa = PBXGroup;
			children = (
				8C55DD2D23EF443C000BF2FA /* NetworkManager.swift */,
			);
			path = Managers;
			sourceTree = "<group>";
		};
		8C55DD2F23EF5C2A000BF2FA /* Utilities */ = {
			isa = PBXGroup;
			children = (
				8C44B8CE23EF61AD00DFC732 /* GFError.swift */,
			);
			path = Utilities;
			sourceTree = "<group>";
		};
		8C855E3423DA085F00E38440 /* Screens */ = {
			isa = PBXGroup;
			children = (
				8C4F947B23D272E1007BB33C /* SearchVC.swift */,
				8C4F947D23D27350007BB33C /* FavoriteListVC.swift */,
				8C68EA1F23D5113500B68790 /* FollowerListVC.swift */,
			);
			path = Screens;
			sourceTree = "<group>";
		};
		8C855E3523DA092500E38440 /* Custom Views */ = {
			isa = PBXGroup;
			children = (
				8C44B8D023EF7D6200DFC732 /* Cells */,
				8C4F947F23D3693E007BB33C /* GFButton.swift */,
				8C4F948123D37629007BB33C /* GFTextField.swift */,
				8C183A1123D60E8A00A4B11A /* GFTitleLabel.swift */,
				8C183A1323D6120B00A4B11A /* GFBodyLabel.swift */,
				8C183A1523D6131F00A4B11A /* GFAlertVC.swift */,
				8C44B8D323EF7E6000DFC732 /* GFAvatarImageView.swift */,
			);
			path = "Custom Views";
			sourceTree = "<group>";
		};
		8C855E3623DA099700E38440 /* Extensions */ = {
			isa = PBXGroup;
			children = (
				8CBAA49B23D5FDCA00392298 /* String+Ext.swift */,
				8C183A1723D640DA00A4B11A /* UIViewController+Ext.swift */,
			);
			path = Extensions;
			sourceTree = "<group>";
		};
		8C855E3723DA0A1500E38440 /* Support */ = {
			isa = PBXGroup;
			children = (
				8C47E1FF23D24147004C5BD1 /* AppDelegate.swift */,
				8C47E20123D24147004C5BD1 /* SceneDelegate.swift */,
				8C47E20823D2414C004C5BD1 /* Assets.xcassets */,
				8C47E20A23D2414C004C5BD1 /* LaunchScreen.storyboard */,
			);
			path = Support;
			sourceTree = "<group>";
		};
/* End PBXGroup section */

/* Begin PBXNativeTarget section */
		8C47E1FB23D24147004C5BD1 /* GitHubFollowers */ = {
			isa = PBXNativeTarget;
			buildConfigurationList = 8C47E21023D2414C004C5BD1 /* Build configuration list for PBXNativeTarget "GitHubFollowers" */;
			buildPhases = (
				8C47E1F823D24147004C5BD1 /* Sources */,
				8C47E1F923D24147004C5BD1 /* Frameworks */,
				8C47E1FA23D24147004C5BD1 /* Resources */,
			);
			buildRules = (
			);
			dependencies = (
			);
			name = GitHubFollowers;
			productName = GitHubFollowers;
			productReference = 8C47E1FC23D24147004C5BD1 /* GitHubFollowers.app */;
			productType = "com.apple.product-type.application";
		};
/* End PBXNativeTarget section */

/* Begin PBXProject section */
		8C47E1F423D24147004C5BD1 /* Project object */ = {
			isa = PBXProject;
			attributes = {
				LastSwiftUpdateCheck = 1130;
				LastUpgradeCheck = 1130;
				ORGANIZATIONNAME = "Ricardo Batista";
				TargetAttributes = {
					8C47E1FB23D24147004C5BD1 = {
						CreatedOnToolsVersion = 11.3.1;
					};
				};
			};
			buildConfigurationList = 8C47E1F723D24147004C5BD1 /* Build configuration list for PBXProject "GitHubFollowers" */;
			compatibilityVersion = "Xcode 9.3";
			developmentRegion = en;
			hasScannedForEncodings = 0;
			knownRegions = (
				en,
				Base,
			);
			mainGroup = 8C47E1F323D24147004C5BD1;
			productRefGroup = 8C47E1FD23D24147004C5BD1 /* Products */;
			projectDirPath = "";
			projectRoot = "";
			targets = (
				8C47E1FB23D24147004C5BD1 /* GitHubFollowers */,
			);
		};
/* End PBXProject section */

/* Begin PBXResourcesBuildPhase section */
		8C47E1FA23D24147004C5BD1 /* Resources */ = {
			isa = PBXResourcesBuildPhase;
			buildActionMask = 2147483647;
			files = (
				8C47E20C23D2414C004C5BD1 /* LaunchScreen.storyboard in Resources */,
				8C47E20923D2414C004C5BD1 /* Assets.xcassets in Resources */,
			);
			runOnlyForDeploymentPostprocessing = 0;
		};
/* End PBXResourcesBuildPhase section */

/* Begin PBXSourcesBuildPhase section */
		8C47E1F823D24147004C5BD1 /* Sources */ = {
			isa = PBXSourcesBuildPhase;
			buildActionMask = 2147483647;
			files = (
				8C4F948223D37629007BB33C /* GFTextField.swift in Sources */,
				8C4F947E23D27350007BB33C /* FavoriteListVC.swift in Sources */,
				8C183A1823D640DA00A4B11A /* UIViewController+Ext.swift in Sources */,
				8C4F948023D3693E007BB33C /* GFButton.swift in Sources */,
				8C4F947C23D272E1007BB33C /* SearchVC.swift in Sources */,
				8C68EA2023D5113500B68790 /* FollowerListVC.swift in Sources */,
				8C55DD2B23EF3314000BF2FA /* User.swift in Sources */,
				8C44B8D223EF7DA800DFC732 /* FollowerCell.swift in Sources */,
				8C44B8D423EF7E6000DFC732 /* GFAvatarImageView.swift in Sources */,
				8C183A1623D6131F00A4B11A /* GFAlertVC.swift in Sources */,
				8C55DD2923EF323D000BF2FA /* Follower.swift in Sources */,
				8C47E20023D24147004C5BD1 /* AppDelegate.swift in Sources */,
				8C183A1223D60E8A00A4B11A /* GFTitleLabel.swift in Sources */,
				8CBAA49C23D5FDCA00392298 /* String+Ext.swift in Sources */,
				8C55DD2E23EF443C000BF2FA /* NetworkManager.swift in Sources */,
				8C47E20223D24147004C5BD1 /* SceneDelegate.swift in Sources */,
				8C183A1423D6120B00A4B11A /* GFBodyLabel.swift in Sources */,
				8C44B8CF23EF61AD00DFC732 /* GFError.swift in Sources */,
			);
			runOnlyForDeploymentPostprocessing = 0;
		};
/* End PBXSourcesBuildPhase section */

/* Begin PBXVariantGroup section */
		8C47E20A23D2414C004C5BD1 /* LaunchScreen.storyboard */ = {
			isa = PBXVariantGroup;
			children = (
				8C47E20B23D2414C004C5BD1 /* Base */,
			);
			name = LaunchScreen.storyboard;
			sourceTree = "<group>";
		};
/* End PBXVariantGroup section */

/* Begin XCBuildConfiguration section */
		8C47E20E23D2414C004C5BD1 /* Debug */ = {
			isa = XCBuildConfiguration;
			buildSettings = {
				ALWAYS_SEARCH_USER_PATHS = NO;
				CLANG_ANALYZER_NONNULL = YES;
				CLANG_ANALYZER_NUMBER_OBJECT_CONVERSION = YES_AGGRESSIVE;
				CLANG_CXX_LANGUAGE_STANDARD = "gnu++14";
				CLANG_CXX_LIBRARY = "libc++";
				CLANG_ENABLE_MODULES = YES;
				CLANG_ENABLE_OBJC_ARC = YES;
				CLANG_ENABLE_OBJC_WEAK = YES;
				CLANG_WARN_BLOCK_CAPTURE_AUTORELEASING = YES;
				CLANG_WARN_BOOL_CONVERSION = YES;
				CLANG_WARN_COMMA = YES;
				CLANG_WARN_CONSTANT_CONVERSION = YES;
				CLANG_WARN_DEPRECATED_OBJC_IMPLEMENTATIONS = YES;
				CLANG_WARN_DIRECT_OBJC_ISA_USAGE = YES_ERROR;
				CLANG_WARN_DOCUMENTATION_COMMENTS = YES;
				CLANG_WARN_EMPTY_BODY = YES;
				CLANG_WARN_ENUM_CONVERSION = YES;
				CLANG_WARN_INFINITE_RECURSION = YES;
				CLANG_WARN_INT_CONVERSION = YES;
				CLANG_WARN_NON_LITERAL_NULL_CONVERSION = YES;
				CLANG_WARN_OBJC_IMPLICIT_RETAIN_SELF = YES;
				CLANG_WARN_OBJC_LITERAL_CONVERSION = YES;
				CLANG_WARN_OBJC_ROOT_CLASS = YES_ERROR;
				CLANG_WARN_RANGE_LOOP_ANALYSIS = YES;
				CLANG_WARN_STRICT_PROTOTYPES = YES;
				CLANG_WARN_SUSPICIOUS_MOVE = YES;
				CLANG_WARN_UNGUARDED_AVAILABILITY = YES_AGGRESSIVE;
				CLANG_WARN_UNREACHABLE_CODE = YES;
				CLANG_WARN__DUPLICATE_METHOD_MATCH = YES;
				COPY_PHASE_STRIP = NO;
				DEBUG_INFORMATION_FORMAT = dwarf;
				ENABLE_STRICT_OBJC_MSGSEND = YES;
				ENABLE_TESTABILITY = YES;
				GCC_C_LANGUAGE_STANDARD = gnu11;
				GCC_DYNAMIC_NO_PIC = NO;
				GCC_NO_COMMON_BLOCKS = YES;
				GCC_OPTIMIZATION_LEVEL = 0;
				GCC_PREPROCESSOR_DEFINITIONS = (
					"DEBUG=1",
					"$(inherited)",
				);
				GCC_WARN_64_TO_32_BIT_CONVERSION = YES;
				GCC_WARN_ABOUT_RETURN_TYPE = YES_ERROR;
				GCC_WARN_UNDECLARED_SELECTOR = YES;
				GCC_WARN_UNINITIALIZED_AUTOS = YES_AGGRESSIVE;
				GCC_WARN_UNUSED_FUNCTION = YES;
				GCC_WARN_UNUSED_VARIABLE = YES;
				IPHONEOS_DEPLOYMENT_TARGET = 13.2;
				MTL_ENABLE_DEBUG_INFO = INCLUDE_SOURCE;
				MTL_FAST_MATH = YES;
				ONLY_ACTIVE_ARCH = YES;
				SDKROOT = iphoneos;
				SWIFT_ACTIVE_COMPILATION_CONDITIONS = DEBUG;
				SWIFT_OPTIMIZATION_LEVEL = "-Onone";
			};
			name = Debug;
		};
		8C47E20F23D2414C004C5BD1 /* Release */ = {
			isa = XCBuildConfiguration;
			buildSettings = {
				ALWAYS_SEARCH_USER_PATHS = NO;
				CLANG_ANALYZER_NONNULL = YES;
				CLANG_ANALYZER_NUMBER_OBJECT_CONVERSION = YES_AGGRESSIVE;
				CLANG_CXX_LANGUAGE_STANDARD = "gnu++14";
				CLANG_CXX_LIBRARY = "libc++";
				CLANG_ENABLE_MODULES = YES;
				CLANG_ENABLE_OBJC_ARC = YES;
				CLANG_ENABLE_OBJC_WEAK = YES;
				CLANG_WARN_BLOCK_CAPTURE_AUTORELEASING = YES;
				CLANG_WARN_BOOL_CONVERSION = YES;
				CLANG_WARN_COMMA = YES;
				CLANG_WARN_CONSTANT_CONVERSION = YES;
				CLANG_WARN_DEPRECATED_OBJC_IMPLEMENTATIONS = YES;
				CLANG_WARN_DIRECT_OBJC_ISA_USAGE = YES_ERROR;
				CLANG_WARN_DOCUMENTATION_COMMENTS = YES;
				CLANG_WARN_EMPTY_BODY = YES;
				CLANG_WARN_ENUM_CONVERSION = YES;
				CLANG_WARN_INFINITE_RECURSION = YES;
				CLANG_WARN_INT_CONVERSION = YES;
				CLANG_WARN_NON_LITERAL_NULL_CONVERSION = YES;
				CLANG_WARN_OBJC_IMPLICIT_RETAIN_SELF = YES;
				CLANG_WARN_OBJC_LITERAL_CONVERSION = YES;
				CLANG_WARN_OBJC_ROOT_CLASS = YES_ERROR;
				CLANG_WARN_RANGE_LOOP_ANALYSIS = YES;
				CLANG_WARN_STRICT_PROTOTYPES = YES;
				CLANG_WARN_SUSPICIOUS_MOVE = YES;
				CLANG_WARN_UNGUARDED_AVAILABILITY = YES_AGGRESSIVE;
				CLANG_WARN_UNREACHABLE_CODE = YES;
				CLANG_WARN__DUPLICATE_METHOD_MATCH = YES;
				COPY_PHASE_STRIP = NO;
				DEBUG_INFORMATION_FORMAT = "dwarf-with-dsym";
				ENABLE_NS_ASSERTIONS = NO;
				ENABLE_STRICT_OBJC_MSGSEND = YES;
				GCC_C_LANGUAGE_STANDARD = gnu11;
				GCC_NO_COMMON_BLOCKS = YES;
				GCC_WARN_64_TO_32_BIT_CONVERSION = YES;
				GCC_WARN_ABOUT_RETURN_TYPE = YES_ERROR;
				GCC_WARN_UNDECLARED_SELECTOR = YES;
				GCC_WARN_UNINITIALIZED_AUTOS = YES_AGGRESSIVE;
				GCC_WARN_UNUSED_FUNCTION = YES;
				GCC_WARN_UNUSED_VARIABLE = YES;
				IPHONEOS_DEPLOYMENT_TARGET = 13.2;
				MTL_ENABLE_DEBUG_INFO = NO;
				MTL_FAST_MATH = YES;
				SDKROOT = iphoneos;
				SWIFT_COMPILATION_MODE = wholemodule;
				SWIFT_OPTIMIZATION_LEVEL = "-O";
				VALIDATE_PRODUCT = YES;
			};
			name = Release;
		};
		8C47E21123D2414C004C5BD1 /* Debug */ = {
			isa = XCBuildConfiguration;
			buildSettings = {
				ASSETCATALOG_COMPILER_APPICON_NAME = AppIcon;
				CODE_SIGN_STYLE = Automatic;
				DEVELOPMENT_TEAM = R4UP2C6K29;
				INFOPLIST_FILE = GitHubFollowers/Info.plist;
				LD_RUNPATH_SEARCH_PATHS = (
					"$(inherited)",
					"@executable_path/Frameworks",
				);
				PRODUCT_BUNDLE_IDENTIFIER = com.RicardoBatista.GitHubFollowers;
				PRODUCT_NAME = "$(TARGET_NAME)";
				SWIFT_VERSION = 5.0;
				TARGETED_DEVICE_FAMILY = 1;
			};
			name = Debug;
		};
		8C47E21223D2414C004C5BD1 /* Release */ = {
			isa = XCBuildConfiguration;
			buildSettings = {
				ASSETCATALOG_COMPILER_APPICON_NAME = AppIcon;
				CODE_SIGN_STYLE = Automatic;
				DEVELOPMENT_TEAM = R4UP2C6K29;
				INFOPLIST_FILE = GitHubFollowers/Info.plist;
				LD_RUNPATH_SEARCH_PATHS = (
					"$(inherited)",
					"@executable_path/Frameworks",
				);
				PRODUCT_BUNDLE_IDENTIFIER = com.RicardoBatista.GitHubFollowers;
				PRODUCT_NAME = "$(TARGET_NAME)";
				SWIFT_VERSION = 5.0;
				TARGETED_DEVICE_FAMILY = 1;
			};
			name = Release;
		};
/* End XCBuildConfiguration section */

/* Begin XCConfigurationList section */
		8C47E1F723D24147004C5BD1 /* Build configuration list for PBXProject "GitHubFollowers" */ = {
			isa = XCConfigurationList;
			buildConfigurations = (
				8C47E20E23D2414C004C5BD1 /* Debug */,
				8C47E20F23D2414C004C5BD1 /* Release */,
			);
			defaultConfigurationIsVisible = 0;
			defaultConfigurationName = Release;
		};
		8C47E21023D2414C004C5BD1 /* Build configuration list for PBXNativeTarget "GitHubFollowers" */ = {
			isa = XCConfigurationList;
			buildConfigurations = (
				8C47E21123D2414C004C5BD1 /* Debug */,
				8C47E21223D2414C004C5BD1 /* Release */,
			);
			defaultConfigurationIsVisible = 0;
			defaultConfigurationName = Release;
		};
/* End XCConfigurationList section */
	};
	rootObject = 8C47E1F423D24147004C5BD1 /* Project object */;
}
